
Microsoft Visual Studio Solution File, Format Version 12.00
# Visual Studio Version 17
VisualStudioVersion = 17.10.35004.147
MinimumVisualStudioVersion = 10.0.40219.1
Project("{2150E333-8FDC-42A3-9474-1A3956D46DE8}") = "PremiumAccountService", "PremiumAccountService", "{9F2BF79F-144D-4642-9187-12D7D4DCC23F}"
EndProject
Project("{9A19103F-16F7-4668-BE54-9A1E7A4F7556}") = "PremiumAccountService.Domain", "PremiumAccountService.Domain\PremiumAccountService.Domain.csproj", "{3AE768E6-6CC3-4352-B5CA-7540F68CF01A}"
EndProject
Project("{9A19103F-16F7-4668-BE54-9A1E7A4F7556}") = "PremiumAccountService.Application", "PremiumAccountService.Application\PremiumAccountService.Application.csproj", "{37506FBD-DF4B-45D9-8A2F-D125AD31B2DD}"
EndProject
Project("{9A19103F-16F7-4668-BE54-9A1E7A4F7556}") = "PremiumAccountService.Infrastructure", "PremiumAccountService.Infrastructure\PremiumAccountService.Infrastructure.csproj", "{6D6465F5-FEC7-47BB-90D5-010AFCD962C3}"
EndProject
Project("{9A19103F-16F7-4668-BE54-9A1E7A4F7556}") = "PremiumAccountService.Api", "PremiumAccountService.Api\PremiumAccountService.Api.csproj", "{41E443F9-E8BD-4CB3-8FD0-B03E6451AFDB}"
EndProject
Global
	GlobalSection(SolutionConfigurationPlatforms) = preSolution
		Debug|Any CPU = Debug|Any CPU
		Release|Any CPU = Release|Any CPU
	EndGlobalSection
	GlobalSection(ProjectConfigurationPlatforms) = postSolution
		{3AE768E6-6CC3-4352-B5CA-7540F68CF01A}.Debug|Any CPU.ActiveCfg = Debug|Any CPU
		{3AE768E6-6CC3-4352-B5CA-7540F68CF01A}.Debug|Any CPU.Build.0 = Debug|Any CPU
		{3AE768E6-6CC3-4352-B5CA-7540F68CF01A}.Release|Any CPU.ActiveCfg = Release|Any CPU
		{3AE768E6-6CC3-4352-B5CA-7540F68CF01A}.Release|Any CPU.Build.0 = Release|Any CPU
		{37506FBD-DF4B-45D9-8A2F-D125AD31B2DD}.Debug|Any CPU.ActiveCfg = Debug|Any CPU
		{37506FBD-DF4B-45D9-8A2F-D125AD31B2DD}.Debug|Any CPU.Build.0 = Debug|Any CPU
		{37506FBD-DF4B-45D9-8A2F-D125AD31B2DD}.Release|Any CPU.ActiveCfg = Release|Any CPU
		{37506FBD-DF4B-45D9-8A2F-D125AD31B2DD}.Release|Any CPU.Build.0 = Release|Any CPU
		{6D6465F5-FEC7-47BB-90D5-010AFCD962C3}.Debug|Any CPU.ActiveCfg = Debug|Any CPU
		{6D6465F5-FEC7-47BB-90D5-010AFCD962C3}.Debug|Any CPU.Build.0 = Debug|Any CPU
		{6D6465F5-FEC7-47BB-90D5-010AFCD962C3}.Release|Any CPU.ActiveCfg = Release|Any CPU
		{6D6465F5-FEC7-47BB-90D5-010AFCD962C3}.Release|Any CPU.Build.0 = Release|Any CPU
		{41E443F9-E8BD-4CB3-8FD0-B03E6451AFDB}.Debug|Any CPU.ActiveCfg = Debug|Any CPU
		{41E443F9-E8BD-4CB3-8FD0-B03E6451AFDB}.Debug|Any CPU.Build.0 = Debug|Any CPU
		{41E443F9-E8BD-4CB3-8FD0-B03E6451AFDB}.Release|Any CPU.ActiveCfg = Release|Any CPU
		{41E443F9-E8BD-4CB3-8FD0-B03E6451AFDB}.Release|Any CPU.Build.0 = Release|Any CPU
	EndGlobalSection
	GlobalSection(SolutionProperties) = preSolution
		HideSolutionNode = FALSE
	EndGlobalSection
	GlobalSection(NestedProjects) = preSolution
		{3AE768E6-6CC3-4352-B5CA-7540F68CF01A} = {9F2BF79F-144D-4642-9187-12D7D4DCC23F}
		{37506FBD-DF4B-45D9-8A2F-D125AD31B2DD} = {9F2BF79F-144D-4642-9187-12D7D4DCC23F}
		{6D6465F5-FEC7-47BB-90D5-010AFCD962C3} = {9F2BF79F-144D-4642-9187-12D7D4DCC23F}
		{41E443F9-E8BD-4CB3-8FD0-B03E6451AFDB} = {9F2BF79F-144D-4642-9187-12D7D4DCC23F}
	EndGlobalSection
	GlobalSection(ExtensibilityGlobals) = postSolution
		SolutionGuid = {4F5FD724-E77F-4CDA-B94C-00A1370DD4F9}
	EndGlobalSection
EndGlobal
